
Microsoft Visual Studio Solution File, Format Version 12.00
# Visual Studio Version 17
VisualStudioVersion = 17.1.32210.238
MinimumVisualStudioVersion = 10.0.40219.1
Project("{FAE04EC0-301F-11D3-BF4B-00C04F79EFBC}") = "CMP1903 Assessment 2", "CMP1903 Assessment 2\CMP1903 Assessment 2.csproj", "{909FC377-8B51-425C-95F7-605FD19A6E93}"
EndProject
Global
	GlobalSection(SolutionConfigurationPlatforms) = preSolution
		Debug|Any CPU = Debug|Any CPU
		Release|Any CPU = Release|Any CPU
	EndGlobalSection
	GlobalSection(ProjectConfigurationPlatforms) = postSolution
		{909FC377-8B51-425C-95F7-605FD19A6E93}.Debug|Any CPU.ActiveCfg = Debug|Any CPU
		{909FC377-8B51-425C-95F7-605FD19A6E93}.Debug|Any CPU.Build.0 = Debug|Any CPU
		{909FC377-8B51-425C-95F7-605FD19A6E93}.Release|Any CPU.ActiveCfg = Release|Any CPU
		{909FC377-8B51-425C-95F7-605FD19A6E93}.Release|Any CPU.Build.0 = Release|Any CPU
	EndGlobalSection
	GlobalSection(SolutionProperties) = preSolution
		HideSolutionNode = FALSE
	EndGlobalSection
	GlobalSection(ExtensibilityGlobals) = postSolution
		SolutionGuid = {389698D8-5488-44B3-AA73-4CA39F5BFAB4}
	EndGlobalSection
EndGlobal
